// !$*UTF8*$!
{
	archiveVersion = 1;
	classes = {
	};
	objectVersion = 50;
	objects = {

/* Begin PBXBuildFile section */
		6D069F09267CB8FE007DD028 /* ViewModel.swift in Sources */ = {isa = PBXBuildFile; fileRef = 6D069F08267CB8FE007DD028 /* ViewModel.swift */; };
		6D76C33B267A7E22004BF31D /* DashApp.swift in Sources */ = {isa = PBXBuildFile; fileRef = 6D76C33A267A7E22004BF31D /* DashApp.swift */; };
		6D76C33D267A7E22004BF31D /* ContentView.swift in Sources */ = {isa = PBXBuildFile; fileRef = 6D76C33C267A7E22004BF31D /* ContentView.swift */; };
		6D76C33F267A7E26004BF31D /* Assets.xcassets in Resources */ = {isa = PBXBuildFile; fileRef = 6D76C33E267A7E26004BF31D /* Assets.xcassets */; };
		6D76C342267A7E26004BF31D /* Preview Assets.xcassets in Resources */ = {isa = PBXBuildFile; fileRef = 6D76C341267A7E26004BF31D /* Preview Assets.xcassets */; };
		6D76C34B267A7FB1004BF31D /* lineitems.json in Resources */ = {isa = PBXBuildFile; fileRef = 6D76C34A267A7FB1004BF31D /* lineitems.json */; };
/* End PBXBuildFile section */

/* Begin PBXFileReference section */
		6D069F08267CB8FE007DD028 /* ViewModel.swift */ = {isa = PBXFileReference; lastKnownFileType = sourcecode.swift; path = ViewModel.swift; sourceTree = "<group>"; };
		6D76C337267A7E22004BF31D /* Dash.app */ = {isa = PBXFileReference; explicitFileType = wrapper.application; includeInIndex = 0; path = Dash.app; sourceTree = BUILT_PRODUCTS_DIR; };
		6D76C33A267A7E22004BF31D /* DashApp.swift */ = {isa = PBXFileReference; lastKnownFileType = sourcecode.swift; path = DashApp.swift; sourceTree = "<group>"; };
		6D76C33C267A7E22004BF31D /* ContentView.swift */ = {isa = PBXFileReference; lastKnownFileType = sourcecode.swift; path = ContentView.swift; sourceTree = "<group>"; };
		6D76C33E267A7E26004BF31D /* Assets.xcassets */ = {isa = PBXFileReference; lastKnownFileType = folder.assetcatalog; path = Assets.xcassets; sourceTree = "<group>"; };
		6D76C341267A7E26004BF31D /* Preview Assets.xcassets */ = {isa = PBXFileReference; lastKnownFileType = folder.assetcatalog; path = "Preview Assets.xcassets"; sourceTree = "<group>"; };
		6D76C343267A7E26004BF31D /* Info.plist */ = {isa = PBXFileReference; lastKnownFileType = text.plist.xml; path = Info.plist; sourceTree = "<group>"; };
		6D76C34A267A7FB1004BF31D /* lineitems.json */ = {isa = PBXFileReference; fileEncoding = 4; lastKnownFileType = text.json; path = lineitems.json; sourceTree = "<group>"; };
/* End PBXFileReference section */

/* Begin PBXFrameworksBuildPhase section */
		6D76C334267A7E22004BF31D /* Frameworks */ = {
			isa = PBXFrameworksBuildPhase;
			buildActionMask = 2147483647;
			files = (
			);
			runOnlyForDeploymentPostprocessing = 0;
		};
/* End PBXFrameworksBuildPhase section */

/* Begin PBXGroup section */
		6D76C32E267A7E22004BF31D = {
			isa = PBXGroup;
			children = (
				6D76C339267A7E22004BF31D /* Dash */,
				6D76C338267A7E22004BF31D /* Products */,
			);
			sourceTree = "<group>";
		};
		6D76C338267A7E22004BF31D /* Products */ = {
			isa = PBXGroup;
			children = (
				6D76C337267A7E22004BF31D /* Dash.app */,
			);
			name = Products;
			sourceTree = "<group>";
		};
		6D76C339267A7E22004BF31D /* Dash */ = {
			isa = PBXGroup;
			children = (
				6D76C33A267A7E22004BF31D /* DashApp.swift */,
				6D76C33C267A7E22004BF31D /* ContentView.swift */,
				6D76C34A267A7FB1004BF31D /* lineitems.json */,
				6D76C33E267A7E26004BF31D /* Assets.xcassets */,
				6D76C343267A7E26004BF31D /* Info.plist */,
				6D76C340267A7E26004BF31D /* Preview Content */,
				6D069F08267CB8FE007DD028 /* ViewModel.swift */,
			);
			path = Dash;
			sourceTree = "<group>";
		};
		6D76C340267A7E26004BF31D /* Preview Content */ = {
			isa = PBXGroup;
			children = (
				6D76C341267A7E26004BF31D /* Preview Assets.xcassets */,
			);
			path = "Preview Content";
			sourceTree = "<group>";
		};
/* End PBXGroup section */

/* Begin PBXNativeTarget section */
		6D76C336267A7E22004BF31D /* Dash */ = {
			isa = PBXNativeTarget;
			buildConfigurationList = 6D76C346267A7E26004BF31D /* Build configuration list for PBXNativeTarget "Dash" */;
			buildPhases = (
				6D76C333267A7E22004BF31D /* Sources */,
				6D76C334267A7E22004BF31D /* Frameworks */,
				6D76C335267A7E22004BF31D /* Resources */,
			);
			buildRules = (
			);
			dependencies = (
			);
			name = Dash;
			productName = Dash;
			productReference = 6D76C337267A7E22004BF31D /* Dash.app */;
			productType = "com.apple.product-type.application";
		};
/* End PBXNativeTarget section */

/* Begin PBXProject section */
		6D76C32F267A7E22004BF31D /* Project object */ = {
			isa = PBXProject;
			attributes = {
				LastSwiftUpdateCheck = 1240;
				LastUpgradeCheck = 1240;
				TargetAttributes = {
					6D76C336267A7E22004BF31D = {
						CreatedOnToolsVersion = 12.4;
					};
				};
			};
			buildConfigurationList = 6D76C332267A7E22004BF31D /* Build configuration list for PBXProject "Dash" */;
			compatibilityVersion = "Xcode 9.3";
			developmentRegion = en;
			hasScannedForEncodings = 0;
			knownRegions = (
				en,
				Base,
			);
			mainGroup = 6D76C32E267A7E22004BF31D;
			productRefGroup = 6D76C338267A7E22004BF31D /* Products */;
			projectDirPath = "";
			projectRoot = "";
			targets = (
				6D76C336267A7E22004BF31D /* Dash */,
			);
		};
/* End PBXProject section */

/* Begin PBXResourcesBuildPhase section */
		6D76C335267A7E22004BF31D /* Resources */ = {
			isa = PBXResourcesBuildPhase;
			buildActionMask = 2147483647;
			files = (
				6D76C342267A7E26004BF31D /* Preview Assets.xcassets in Resources */,
				6D76C33F267A7E26004BF31D /* Assets.xcassets in Resources */,
				6D76C34B267A7FB1004BF31D /* lineitems.json in Resources */,
			);
			runOnlyForDeploymentPostprocessing = 0;
		};
/* End PBXResourcesBuildPhase section */

/* Begin PBXSourcesBuildPhase section */
		6D76C333267A7E22004BF31D /* Sources */ = {
			isa = PBXSourcesBuildPhase;
			buildActionMask = 2147483647;
			files = (
				6D76C33D267A7E22004BF31D /* ContentView.swift in Sources */,
				6D069F09267CB8FE007DD028 /* ViewModel.swift in Sources */,
				6D76C33B267A7E22004BF31D /* DashApp.swift in Sources */,
			);
			runOnlyForDeploymentPostprocessing = 0;
		};
/* End PBXSourcesBuildPhase section */

/* Begin XCBuildConfiguration section */
		6D76C344267A7E26004BF31D /* Debug */ = {
			isa = XCBuildConfiguration;
			buildSettings = {
				ALWAYS_SEARCH_USER_PATHS = NO;
				CLANG_ANALYZER_NONNULL = YES;
				CLANG_ANALYZER_NUMBER_OBJECT_CONVERSION = YES_AGGRESSIVE;
				CLANG_CXX_LANGUAGE_STANDARD = "gnu++14";
				CLANG_CXX_LIBRARY = "libc++";
				CLANG_ENABLE_MODULES = YES;
				CLANG_ENABLE_OBJC_ARC = YES;
				CLANG_ENABLE_OBJC_WEAK = YES;
				CLANG_WARN_BLOCK_CAPTURE_AUTORELEASING = YES;
				CLANG_WARN_BOOL_CONVERSION = YES;
				CLANG_WARN_COMMA = YES;
				CLANG_WARN_CONSTANT_CONVERSION = YES;
				CLANG_WARN_DEPRECATED_OBJC_IMPLEMENTATIONS = YES;
				CLANG_WARN_DIRECT_OBJC_ISA_USAGE = YES_ERROR;
				CLANG_WARN_DOCUMENTATION_COMMENTS = YES;
				CLANG_WARN_EMPTY_BODY = YES;
				CLANG_WARN_ENUM_CONVERSION = YES;
				CLANG_WARN_INFINITE_RECURSION = YES;
				CLANG_WARN_INT_CONVERSION = YES;
				CLANG_WARN_NON_LITERAL_NULL_CONVERSION = YES;
				CLANG_WARN_OBJC_IMPLICIT_RETAIN_SELF = YES;
				CLANG_WARN_OBJC_LITERAL_CONVERSION = YES;
				CLANG_WARN_OBJC_ROOT_CLASS = YES_ERROR;
				CLANG_WARN_QUOTED_INCLUDE_IN_FRAMEWORK_HEADER = YES;
				CLANG_WARN_RANGE_LOOP_ANALYSIS = YES;
				CLANG_WARN_STRICT_PROTOTYPES = YES;
				CLANG_WARN_SUSPICIOUS_MOVE = YES;
				CLANG_WARN_UNGUARDED_AVAILABILITY = YES_AGGRESSIVE;
				CLANG_WARN_UNREACHABLE_CODE = YES;
				CLANG_WARN__DUPLICATE_METHOD_MATCH = YES;
				COPY_PHASE_STRIP = NO;
				DEBUG_INFORMATION_FORMAT = dwarf;
				ENABLE_STRICT_OBJC_MSGSEND = YES;
				ENABLE_TESTABILITY = YES;
				GCC_C_LANGUAGE_STANDARD = gnu11;
				GCC_DYNAMIC_NO_PIC = NO;
				GCC_NO_COMMON_BLOCKS = YES;
				GCC_OPTIMIZATION_LEVEL = 0;
				GCC_PREPROCESSOR_DEFINITIONS = (
					"DEBUG=1",
					"$(inherited)",
				);
				GCC_WARN_64_TO_32_BIT_CONVERSION = YES;
				GCC_WARN_ABOUT_RETURN_TYPE = YES_ERROR;
				GCC_WARN_UNDECLARED_SELECTOR = YES;
				GCC_WARN_UNINITIALIZED_AUTOS = YES_AGGRESSIVE;
				GCC_WARN_UNUSED_FUNCTION = YES;
				GCC_WARN_UNUSED_VARIABLE = YES;
				IPHONEOS_DEPLOYMENT_TARGET = 14.4;
				MTL_ENABLE_DEBUG_INFO = INCLUDE_SOURCE;
				MTL_FAST_MATH = YES;
				ONLY_ACTIVE_ARCH = YES;
				SDKROOT = iphoneos;
				SWIFT_ACTIVE_COMPILATION_CONDITIONS = DEBUG;
				SWIFT_OPTIMIZATION_LEVEL = "-Onone";
			};
			name = Debug;
		};
		6D76C345267A7E26004BF31D /* Release */ = {
			isa = XCBuildConfiguration;
			buildSettings = {
				ALWAYS_SEARCH_USER_PATHS = NO;
				CLANG_ANALYZER_NONNULL = YES;
				CLANG_ANALYZER_NUMBER_OBJECT_CONVERSION = YES_AGGRESSIVE;
				CLANG_CXX_LANGUAGE_STANDARD = "gnu++14";
				CLANG_CXX_LIBRARY = "libc++";
				CLANG_ENABLE_MODULES = YES;
				CLANG_ENABLE_OBJC_ARC = YES;
				CLANG_ENABLE_OBJC_WEAK = YES;
				CLANG_WARN_BLOCK_CAPTURE_AUTORELEASING = YES;
				CLANG_WARN_BOOL_CONVERSION = YES;
				CLANG_WARN_COMMA = YES;
				CLANG_WARN_CONSTANT_CONVERSION = YES;
				CLANG_WARN_DEPRECATED_OBJC_IMPLEMENTATIONS = YES;
				CLANG_WARN_DIRECT_OBJC_ISA_USAGE = YES_ERROR;
				CLANG_WARN_DOCUMENTATION_COMMENTS = YES;
				CLANG_WARN_EMPTY_BODY = YES;
				CLANG_WARN_ENUM_CONVERSION = YES;
				CLANG_WARN_INFINITE_RECURSION = YES;
				CLANG_WARN_INT_CONVERSION = YES;
				CLANG_WARN_NON_LITERAL_NULL_CONVERSION = YES;
				CLANG_WARN_OBJC_IMPLICIT_RETAIN_SELF = YES;
				CLANG_WARN_OBJC_LITERAL_CONVERSION = YES;
				CLANG_WARN_OBJC_ROOT_CLASS = YES_ERROR;
				CLANG_WARN_QUOTED_INCLUDE_IN_FRAMEWORK_HEADER = YES;
				CLANG_WARN_RANGE_LOOP_ANALYSIS = YES;
				CLANG_WARN_STRICT_PROTOTYPES = YES;
				CLANG_WARN_SUSPICIOUS_MOVE = YES;
				CLANG_WARN_UNGUARDED_AVAILABILITY = YES_AGGRESSIVE;
				CLANG_WARN_UNREACHABLE_CODE = YES;
				CLANG_WARN__DUPLICATE_METHOD_MATCH = YES;
				COPY_PHASE_STRIP = NO;
				DEBUG_INFORMATION_FORMAT = "dwarf-with-dsym";
				ENABLE_NS_ASSERTIONS = NO;
				ENABLE_STRICT_OBJC_MSGSEND = YES;
				GCC_C_LANGUAGE_STANDARD = gnu11;
				GCC_NO_COMMON_BLOCKS = YES;
				GCC_WARN_64_TO_32_BIT_CONVERSION = YES;
				GCC_WARN_ABOUT_RETURN_TYPE = YES_ERROR;
				GCC_WARN_UNDECLARED_SELECTOR = YES;
				GCC_WARN_UNINITIALIZED_AUTOS = YES_AGGRESSIVE;
				GCC_WARN_UNUSED_FUNCTION = YES;
				GCC_WARN_UNUSED_VARIABLE = YES;
				IPHONEOS_DEPLOYMENT_TARGET = 14.4;
				MTL_ENABLE_DEBUG_INFO = NO;
				MTL_FAST_MATH = YES;
				SDKROOT = iphoneos;
				SWIFT_COMPILATION_MODE = wholemodule;
				SWIFT_OPTIMIZATION_LEVEL = "-O";
				VALIDATE_PRODUCT = YES;
			};
			name = Release;
		};
		6D76C347267A7E26004BF31D /* Debug */ = {
			isa = XCBuildConfiguration;
			buildSettings = {
				ASSETCATALOG_COMPILER_APPICON_NAME = AppIcon;
				ASSETCATALOG_COMPILER_GLOBAL_ACCENT_COLOR_NAME = AccentColor;
				CODE_SIGN_STYLE = Automatic;
				DEVELOPMENT_ASSET_PATHS = "\"Dash/Preview Content\"";
				ENABLE_PREVIEWS = YES;
				INFOPLIST_FILE = Dash/Info.plist;
				IPHONEOS_DEPLOYMENT_TARGET = 14.0;
				LD_RUNPATH_SEARCH_PATHS = (
					"$(inherited)",
					"@executable_path/Frameworks",
				);
				PRODUCT_BUNDLE_IDENTIFIER = kurbs.com.Dash;
				PRODUCT_NAME = "$(TARGET_NAME)";
				SWIFT_VERSION = 5.0;
				TARGETED_DEVICE_FAMILY = "1,2";
			};
			name = Debug;
		};
		6D76C348267A7E26004BF31D /* Release */ = {
			isa = XCBuildConfiguration;
			buildSettings = {
				ASSETCATALOG_COMPILER_APPICON_NAME = AppIcon;
				ASSETCATALOG_COMPILER_GLOBAL_ACCENT_COLOR_NAME = AccentColor;
				CODE_SIGN_STYLE = Automatic;
				DEVELOPMENT_ASSET_PATHS = "\"Dash/Preview Content\"";
				ENABLE_PREVIEWS = YES;
				INFOPLIST_FILE = Dash/Info.plist;
				IPHONEOS_DEPLOYMENT_TARGET = 14.0;
				LD_RUNPATH_SEARCH_PATHS = (
					"$(inherited)",
					"@executable_path/Frameworks",
				);
				PRODUCT_BUNDLE_IDENTIFIER = kurbs.com.Dash;
				PRODUCT_NAME = "$(TARGET_NAME)";
				SWIFT_VERSION = 5.0;
				TARGETED_DEVICE_FAMILY = "1,2";
			};
			name = Release;
		};
/* End XCBuildConfiguration section */

/* Begin XCConfigurationList section */
		6D76C332267A7E22004BF31D /* Build configuration list for PBXProject "Dash" */ = {
			isa = XCConfigurationList;
			buildConfigurations = (
				6D76C344267A7E26004BF31D /* Debug */,
				6D76C345267A7E26004BF31D /* Release */,
			);
			defaultConfigurationIsVisible = 0;
			defaultConfigurationName = Release;
		};
		6D76C346267A7E26004BF31D /* Build configuration list for PBXNativeTarget "Dash" */ = {
			isa = XCConfigurationList;
			buildConfigurations = (
				6D76C347267A7E26004BF31D /* Debug */,
				6D76C348267A7E26004BF31D /* Release */,
			);
			defaultConfigurationIsVisible = 0;
			defaultConfigurationName = Release;
		};
/* End XCConfigurationList section */
	};
	rootObject = 6D76C32F267A7E22004BF31D /* Project object */;
}
